// !$*UTF8*$!
{
	archiveVersion = 1;
	classes = {
	};
	objectVersion = 50;
	objects = {

/* Begin PBXBuildFile section */
		2D25E97025619AE20013AD3F /* ManageFunctionsSignatures.swift in Sources */ = {isa = PBXBuildFile; fileRef = 2D25E96F25619AE20013AD3F /* ManageFunctionsSignatures.swift */; };
		2D25E97425619CA50013AD3F /* functionsInfo.json in Resources */ = {isa = PBXBuildFile; fileRef = 2D25E97325619CA50013AD3F /* functionsInfo.json */; };
		2D54BC1B2560272E00ED4D95 /* AppDelegate.swift in Sources */ = {isa = PBXBuildFile; fileRef = 2D54BC1A2560272E00ED4D95 /* AppDelegate.swift */; };
		2D54BC1D2560272E00ED4D95 /* SceneDelegate.swift in Sources */ = {isa = PBXBuildFile; fileRef = 2D54BC1C2560272E00ED4D95 /* SceneDelegate.swift */; };
		2D54BC222560272E00ED4D95 /* Main.storyboard in Resources */ = {isa = PBXBuildFile; fileRef = 2D54BC202560272E00ED4D95 /* Main.storyboard */; };
		2D54BC242560272F00ED4D95 /* Assets.xcassets in Resources */ = {isa = PBXBuildFile; fileRef = 2D54BC232560272F00ED4D95 /* Assets.xcassets */; };
		2D54BC272560272F00ED4D95 /* LaunchScreen.storyboard in Resources */ = {isa = PBXBuildFile; fileRef = 2D54BC252560272F00ED4D95 /* LaunchScreen.storyboard */; };
		2D54BC3325602F9600ED4D95 /* TasksListViewController.swift in Sources */ = {isa = PBXBuildFile; fileRef = 2D54BC3225602F9600ED4D95 /* TasksListViewController.swift */; };
		2D54BC3625602FBE00ED4D95 /* InputOutputViewController.swift in Sources */ = {isa = PBXBuildFile; fileRef = 2D54BC3525602FBE00ED4D95 /* InputOutputViewController.swift */; };
		2D91BFBB256AA55200D9E547 /* MethodsImplementations.swift in Sources */ = {isa = PBXBuildFile; fileRef = 2D91BFBA256AA55200D9E547 /* MethodsImplementations.swift */; };
/* End PBXBuildFile section */

/* Begin PBXFileReference section */
		2D25E96F25619AE20013AD3F /* ManageFunctionsSignatures.swift */ = {isa = PBXFileReference; lastKnownFileType = sourcecode.swift; path = ManageFunctionsSignatures.swift; sourceTree = "<group>"; };
		2D25E97325619CA50013AD3F /* functionsInfo.json */ = {isa = PBXFileReference; fileEncoding = 4; lastKnownFileType = text.json; path = functionsInfo.json; sourceTree = "<group>"; };
		2D54BC172560272E00ED4D95 /* firstAssignment.app */ = {isa = PBXFileReference; explicitFileType = wrapper.application; includeInIndex = 0; path = firstAssignment.app; sourceTree = BUILT_PRODUCTS_DIR; };
		2D54BC1A2560272E00ED4D95 /* AppDelegate.swift */ = {isa = PBXFileReference; lastKnownFileType = sourcecode.swift; path = AppDelegate.swift; sourceTree = "<group>"; };
		2D54BC1C2560272E00ED4D95 /* SceneDelegate.swift */ = {isa = PBXFileReference; lastKnownFileType = sourcecode.swift; path = SceneDelegate.swift; sourceTree = "<group>"; };
		2D54BC212560272E00ED4D95 /* Base */ = {isa = PBXFileReference; lastKnownFileType = file.storyboard; name = Base; path = Base.lproj/Main.storyboard; sourceTree = "<group>"; };
		2D54BC232560272F00ED4D95 /* Assets.xcassets */ = {isa = PBXFileReference; lastKnownFileType = folder.assetcatalog; path = Assets.xcassets; sourceTree = "<group>"; };
		2D54BC262560272F00ED4D95 /* Base */ = {isa = PBXFileReference; lastKnownFileType = file.storyboard; name = Base; path = Base.lproj/LaunchScreen.storyboard; sourceTree = "<group>"; };
		2D54BC282560272F00ED4D95 /* Info.plist */ = {isa = PBXFileReference; lastKnownFileType = text.plist.xml; path = Info.plist; sourceTree = "<group>"; };
		2D54BC3225602F9600ED4D95 /* TasksListViewController.swift */ = {isa = PBXFileReference; lastKnownFileType = sourcecode.swift; path = TasksListViewController.swift; sourceTree = "<group>"; };
		2D54BC3525602FBE00ED4D95 /* InputOutputViewController.swift */ = {isa = PBXFileReference; lastKnownFileType = sourcecode.swift; path = InputOutputViewController.swift; sourceTree = "<group>"; };
		2D91BFBA256AA55200D9E547 /* MethodsImplementations.swift */ = {isa = PBXFileReference; lastKnownFileType = sourcecode.swift; path = MethodsImplementations.swift; sourceTree = "<group>"; };
/* End PBXFileReference section */

/* Begin PBXFrameworksBuildPhase section */
		2D54BC142560272E00ED4D95 /* Frameworks */ = {
			isa = PBXFrameworksBuildPhase;
			buildActionMask = 2147483647;
			files = (
			);
			runOnlyForDeploymentPostprocessing = 0;
		};
/* End PBXFrameworksBuildPhase section */

/* Begin PBXGroup section */
		2D54BC0E2560272E00ED4D95 = {
			isa = PBXGroup;
			children = (
				2D54BC192560272E00ED4D95 /* firstAssignment */,
				2D54BC182560272E00ED4D95 /* Products */,
			);
			sourceTree = "<group>";
		};
		2D54BC182560272E00ED4D95 /* Products */ = {
			isa = PBXGroup;
			children = (
				2D54BC172560272E00ED4D95 /* firstAssignment.app */,
			);
			name = Products;
			sourceTree = "<group>";
		};
		2D54BC192560272E00ED4D95 /* firstAssignment */ = {
			isa = PBXGroup;
			children = (
				2D54BC1A2560272E00ED4D95 /* AppDelegate.swift */,
				2D54BC1C2560272E00ED4D95 /* SceneDelegate.swift */,
				2D91BFBA256AA55200D9E547 /* MethodsImplementations.swift */,
				2D54BC3125602F1000ED4D95 /* ViewControllers */,
				2D54BC3025602EF600ED4D95 /* Storyboards */,
				2D54BC232560272F00ED4D95 /* Assets.xcassets */,
				2D54BC282560272F00ED4D95 /* Info.plist */,
				2D91BFBF256AC38400D9E547 /* Helpers */,
			);
			path = firstAssignment;
			sourceTree = "<group>";
		};
		2D54BC3025602EF600ED4D95 /* Storyboards */ = {
			isa = PBXGroup;
			children = (
				2D54BC202560272E00ED4D95 /* Main.storyboard */,
				2D54BC252560272F00ED4D95 /* LaunchScreen.storyboard */,
			);
			path = Storyboards;
			sourceTree = "<group>";
		};
		2D54BC3125602F1000ED4D95 /* ViewControllers */ = {
			isa = PBXGroup;
			children = (
				2D54BC3225602F9600ED4D95 /* TasksListViewController.swift */,
				2D54BC3525602FBE00ED4D95 /* InputOutputViewController.swift */,
			);
			path = ViewControllers;
			sourceTree = "<group>";
		};
		2D91BFBF256AC38400D9E547 /* Helpers */ = {
			isa = PBXGroup;
			children = (
				2D25E96F25619AE20013AD3F /* ManageFunctionsSignatures.swift */,
				2D25E97325619CA50013AD3F /* functionsInfo.json */,
			);
			path = Helpers;
			sourceTree = "<group>";
		};
/* End PBXGroup section */

/* Begin PBXNativeTarget section */
		2D54BC162560272E00ED4D95 /* firstAssignment */ = {
			isa = PBXNativeTarget;
			buildConfigurationList = 2D54BC2B2560272F00ED4D95 /* Build configuration list for PBXNativeTarget "firstAssignment" */;
			buildPhases = (
				2D54BC132560272E00ED4D95 /* Sources */,
				2D54BC142560272E00ED4D95 /* Frameworks */,
				2D54BC152560272E00ED4D95 /* Resources */,
			);
			buildRules = (
			);
			dependencies = (
			);
			name = firstAssignment;
			productName = firstAssignment;
			productReference = 2D54BC172560272E00ED4D95 /* firstAssignment.app */;
			productType = "com.apple.product-type.application";
		};
/* End PBXNativeTarget section */

/* Begin PBXProject section */
		2D54BC0F2560272E00ED4D95 /* Project object */ = {
			isa = PBXProject;
			attributes = {
				LastSwiftUpdateCheck = 1210;
				LastUpgradeCheck = 1210;
				TargetAttributes = {
					2D54BC162560272E00ED4D95 = {
						CreatedOnToolsVersion = 12.1;
					};
				};
			};
			buildConfigurationList = 2D54BC122560272E00ED4D95 /* Build configuration list for PBXProject "firstAssignment" */;
			compatibilityVersion = "Xcode 9.3";
			developmentRegion = en;
			hasScannedForEncodings = 0;
			knownRegions = (
				en,
				Base,
			);
			mainGroup = 2D54BC0E2560272E00ED4D95;
			productRefGroup = 2D54BC182560272E00ED4D95 /* Products */;
			projectDirPath = "";
			projectRoot = "";
			targets = (
				2D54BC162560272E00ED4D95 /* firstAssignment */,
			);
		};
/* End PBXProject section */

/* Begin PBXResourcesBuildPhase section */
		2D54BC152560272E00ED4D95 /* Resources */ = {
			isa = PBXResourcesBuildPhase;
			buildActionMask = 2147483647;
			files = (
				2D54BC272560272F00ED4D95 /* LaunchScreen.storyboard in Resources */,
				2D54BC242560272F00ED4D95 /* Assets.xcassets in Resources */,
				2D54BC222560272E00ED4D95 /* Main.storyboard in Resources */,
				2D25E97425619CA50013AD3F /* functionsInfo.json in Resources */,
			);
			runOnlyForDeploymentPostprocessing = 0;
		};
/* End PBXResourcesBuildPhase section */

/* Begin PBXSourcesBuildPhase section */
		2D54BC132560272E00ED4D95 /* Sources */ = {
			isa = PBXSourcesBuildPhase;
			buildActionMask = 2147483647;
			files = (
				2D91BFBB256AA55200D9E547 /* MethodsImplementations.swift in Sources */,
				2D54BC1B2560272E00ED4D95 /* AppDelegate.swift in Sources */,
				2D54BC3625602FBE00ED4D95 /* InputOutputViewController.swift in Sources */,
				2D25E97025619AE20013AD3F /* ManageFunctionsSignatures.swift in Sources */,
				2D54BC3325602F9600ED4D95 /* TasksListViewController.swift in Sources */,
				2D54BC1D2560272E00ED4D95 /* SceneDelegate.swift in Sources */,
			);
			runOnlyForDeploymentPostprocessing = 0;
		};
/* End PBXSourcesBuildPhase section */

/* Begin PBXVariantGroup section */
		2D54BC202560272E00ED4D95 /* Main.storyboard */ = {
			isa = PBXVariantGroup;
			children = (
				2D54BC212560272E00ED4D95 /* Base */,
			);
			name = Main.storyboard;
			sourceTree = "<group>";
		};
		2D54BC252560272F00ED4D95 /* LaunchScreen.storyboard */ = {
			isa = PBXVariantGroup;
			children = (
				2D54BC262560272F00ED4D95 /* Base */,
			);
			name = LaunchScreen.storyboard;
			sourceTree = "<group>";
		};
/* End PBXVariantGroup section */

/* Begin XCBuildConfiguration section */
		2D54BC292560272F00ED4D95 /* Debug */ = {
			isa = XCBuildConfiguration;
			buildSettings = {
				ALWAYS_SEARCH_USER_PATHS = NO;
				CLANG_ANALYZER_NONNULL = YES;
				CLANG_ANALYZER_NUMBER_OBJECT_CONVERSION = YES_AGGRESSIVE;
				CLANG_CXX_LANGUAGE_STANDARD = "gnu++14";
				CLANG_CXX_LIBRARY = "libc++";
				CLANG_ENABLE_MODULES = YES;
				CLANG_ENABLE_OBJC_ARC = YES;
				CLANG_ENABLE_OBJC_WEAK = YES;
				CLANG_WARN_BLOCK_CAPTURE_AUTORELEASING = YES;
				CLANG_WARN_BOOL_CONVERSION = YES;
				CLANG_WARN_COMMA = YES;
				CLANG_WARN_CONSTANT_CONVERSION = YES;
				CLANG_WARN_DEPRECATED_OBJC_IMPLEMENTATIONS = YES;
				CLANG_WARN_DIRECT_OBJC_ISA_USAGE = YES_ERROR;
				CLANG_WARN_DOCUMENTATION_COMMENTS = YES;
				CLANG_WARN_EMPTY_BODY = YES;
				CLANG_WARN_ENUM_CONVERSION = YES;
				CLANG_WARN_INFINITE_RECURSION = YES;
				CLANG_WARN_INT_CONVERSION = YES;
				CLANG_WARN_NON_LITERAL_NULL_CONVERSION = YES;
				CLANG_WARN_OBJC_IMPLICIT_RETAIN_SELF = YES;
				CLANG_WARN_OBJC_LITERAL_CONVERSION = YES;
				CLANG_WARN_OBJC_ROOT_CLASS = YES_ERROR;
				CLANG_WARN_QUOTED_INCLUDE_IN_FRAMEWORK_HEADER = YES;
				CLANG_WARN_RANGE_LOOP_ANALYSIS = YES;
				CLANG_WARN_STRICT_PROTOTYPES = YES;
				CLANG_WARN_SUSPICIOUS_MOVE = YES;
				CLANG_WARN_UNGUARDED_AVAILABILITY = YES_AGGRESSIVE;
				CLANG_WARN_UNREACHABLE_CODE = YES;
				CLANG_WARN__DUPLICATE_METHOD_MATCH = YES;
				COPY_PHASE_STRIP = NO;
				DEBUG_INFORMATION_FORMAT = dwarf;
				ENABLE_STRICT_OBJC_MSGSEND = YES;
				ENABLE_TESTABILITY = YES;
				GCC_C_LANGUAGE_STANDARD = gnu11;
				GCC_DYNAMIC_NO_PIC = NO;
				GCC_NO_COMMON_BLOCKS = YES;
				GCC_OPTIMIZATION_LEVEL = 0;
				GCC_PREPROCESSOR_DEFINITIONS = (
					"DEBUG=1",
					"$(inherited)",
				);
				GCC_WARN_64_TO_32_BIT_CONVERSION = YES;
				GCC_WARN_ABOUT_RETURN_TYPE = YES_ERROR;
				GCC_WARN_UNDECLARED_SELECTOR = YES;
				GCC_WARN_UNINITIALIZED_AUTOS = YES_AGGRESSIVE;
				GCC_WARN_UNUSED_FUNCTION = YES;
				GCC_WARN_UNUSED_VARIABLE = YES;
				IPHONEOS_DEPLOYMENT_TARGET = 14.1;
				MTL_ENABLE_DEBUG_INFO = INCLUDE_SOURCE;
				MTL_FAST_MATH = YES;
				ONLY_ACTIVE_ARCH = YES;
				SDKROOT = iphoneos;
				SWIFT_ACTIVE_COMPILATION_CONDITIONS = DEBUG;
				SWIFT_OPTIMIZATION_LEVEL = "-Onone";
			};
			name = Debug;
		};
		2D54BC2A2560272F00ED4D95 /* Release */ = {
			isa = XCBuildConfiguration;
			buildSettings = {
				ALWAYS_SEARCH_USER_PATHS = NO;
				CLANG_ANALYZER_NONNULL = YES;
				CLANG_ANALYZER_NUMBER_OBJECT_CONVERSION = YES_AGGRESSIVE;
				CLANG_CXX_LANGUAGE_STANDARD = "gnu++14";
				CLANG_CXX_LIBRARY = "libc++";
				CLANG_ENABLE_MODULES = YES;
				CLANG_ENABLE_OBJC_ARC = YES;
				CLANG_ENABLE_OBJC_WEAK = YES;
				CLANG_WARN_BLOCK_CAPTURE_AUTORELEASING = YES;
				CLANG_WARN_BOOL_CONVERSION = YES;
				CLANG_WARN_COMMA = YES;
				CLANG_WARN_CONSTANT_CONVERSION = YES;
				CLANG_WARN_DEPRECATED_OBJC_IMPLEMENTATIONS = YES;
				CLANG_WARN_DIRECT_OBJC_ISA_USAGE = YES_ERROR;
				CLANG_WARN_DOCUMENTATION_COMMENTS = YES;
				CLANG_WARN_EMPTY_BODY = YES;
				CLANG_WARN_ENUM_CONVERSION = YES;
				CLANG_WARN_INFINITE_RECURSION = YES;
				CLANG_WARN_INT_CONVERSION = YES;
				CLANG_WARN_NON_LITERAL_NULL_CONVERSION = YES;
				CLANG_WARN_OBJC_IMPLICIT_RETAIN_SELF = YES;
				CLANG_WARN_OBJC_LITERAL_CONVERSION = YES;
				CLANG_WARN_OBJC_ROOT_CLASS = YES_ERROR;
				CLANG_WARN_QUOTED_INCLUDE_IN_FRAMEWORK_HEADER = YES;
				CLANG_WARN_RANGE_LOOP_ANALYSIS = YES;
				CLANG_WARN_STRICT_PROTOTYPES = YES;
				CLANG_WARN_SUSPICIOUS_MOVE = YES;
				CLANG_WARN_UNGUARDED_AVAILABILITY = YES_AGGRESSIVE;
				CLANG_WARN_UNREACHABLE_CODE = YES;
				CLANG_WARN__DUPLICATE_METHOD_MATCH = YES;
				COPY_PHASE_STRIP = NO;
				DEBUG_INFORMATION_FORMAT = "dwarf-with-dsym";
				ENABLE_NS_ASSERTIONS = NO;
				ENABLE_STRICT_OBJC_MSGSEND = YES;
				GCC_C_LANGUAGE_STANDARD = gnu11;
				GCC_NO_COMMON_BLOCKS = YES;
				GCC_WARN_64_TO_32_BIT_CONVERSION = YES;
				GCC_WARN_ABOUT_RETURN_TYPE = YES_ERROR;
				GCC_WARN_UNDECLARED_SELECTOR = YES;
				GCC_WARN_UNINITIALIZED_AUTOS = YES_AGGRESSIVE;
				GCC_WARN_UNUSED_FUNCTION = YES;
				GCC_WARN_UNUSED_VARIABLE = YES;
				IPHONEOS_DEPLOYMENT_TARGET = 14.1;
				MTL_ENABLE_DEBUG_INFO = NO;
				MTL_FAST_MATH = YES;
				SDKROOT = iphoneos;
				SWIFT_COMPILATION_MODE = wholemodule;
				SWIFT_OPTIMIZATION_LEVEL = "-O";
				VALIDATE_PRODUCT = YES;
			};
			name = Release;
		};
		2D54BC2C2560272F00ED4D95 /* Debug */ = {
			isa = XCBuildConfiguration;
			buildSettings = {
				ASSETCATALOG_COMPILER_APPICON_NAME = AppIcon;
				ASSETCATALOG_COMPILER_GLOBAL_ACCENT_COLOR_NAME = AccentColor;
				CODE_SIGN_STYLE = Automatic;
				DEVELOPMENT_TEAM = 7RLP9KGATX;
				INFOPLIST_FILE = firstAssignment/Info.plist;
				LD_RUNPATH_SEARCH_PATHS = (
					"$(inherited)",
					"@executable_path/Frameworks",
				);
				PRODUCT_BUNDLE_IDENTIFIER = com.akulaiev.firstAssignment;
				PRODUCT_NAME = "$(TARGET_NAME)";
				SWIFT_VERSION = 5.0;
				TARGETED_DEVICE_FAMILY = "1,2";
			};
			name = Debug;
		};
		2D54BC2D2560272F00ED4D95 /* Release */ = {
			isa = XCBuildConfiguration;
			buildSettings = {
				ASSETCATALOG_COMPILER_APPICON_NAME = AppIcon;
				ASSETCATALOG_COMPILER_GLOBAL_ACCENT_COLOR_NAME = AccentColor;
				CODE_SIGN_STYLE = Automatic;
				DEVELOPMENT_TEAM = 7RLP9KGATX;
				INFOPLIST_FILE = firstAssignment/Info.plist;
				LD_RUNPATH_SEARCH_PATHS = (
					"$(inherited)",
					"@executable_path/Frameworks",
				);
				PRODUCT_BUNDLE_IDENTIFIER = com.akulaiev.firstAssignment;
				PRODUCT_NAME = "$(TARGET_NAME)";
				SWIFT_VERSION = 5.0;
				TARGETED_DEVICE_FAMILY = "1,2";
			};
			name = Release;
		};
/* End XCBuildConfiguration section */

/* Begin XCConfigurationList section */
		2D54BC122560272E00ED4D95 /* Build configuration list for PBXProject "firstAssignment" */ = {
			isa = XCConfigurationList;
			buildConfigurations = (
				2D54BC292560272F00ED4D95 /* Debug */,
				2D54BC2A2560272F00ED4D95 /* Release */,
			);
			defaultConfigurationIsVisible = 0;
			defaultConfigurationName = Release;
		};
		2D54BC2B2560272F00ED4D95 /* Build configuration list for PBXNativeTarget "firstAssignment" */ = {
			isa = XCConfigurationList;
			buildConfigurations = (
				2D54BC2C2560272F00ED4D95 /* Debug */,
				2D54BC2D2560272F00ED4D95 /* Release */,
			);
			defaultConfigurationIsVisible = 0;
			defaultConfigurationName = Release;
		};
/* End XCConfigurationList section */
	};
	rootObject = 2D54BC0F2560272E00ED4D95 /* Project object */;
}
